
Microsoft Visual Studio Solution File, Format Version 12.00
# Visual Studio Version 16
VisualStudioVersion = 16.0.31005.135
MinimumVisualStudioVersion = 10.0.40219.1
Project("{2150E333-8FDC-42A3-9474-1A3956D46DE8}") = "Application", "Application", "{02D3D50E-8F60-4205-B651-FF769ABA47F8}"
EndProject
Project("{2150E333-8FDC-42A3-9474-1A3956D46DE8}") = "Domain", "Domain", "{90B7B050-984C-4BD5-8C7F-61BFC6B5DD7F}"
EndProject
Project("{2150E333-8FDC-42A3-9474-1A3956D46DE8}") = "Infra.IoC", "Infra.IoC", "{496C18AA-9043-4F7F-949E-84C8D294FBDD}"
EndProject
Project("{2150E333-8FDC-42A3-9474-1A3956D46DE8}") = "Infra.Data", "Infra.Data", "{1435DD23-DD6A-4E7E-8A48-A8D4F62FC314}"
EndProject
Project("{2150E333-8FDC-42A3-9474-1A3956D46DE8}") = "Presentation", "Presentation", "{42E84821-C426-479A-8A50-A4DDA83F4F91}"
EndProject
Project("{9A19103F-16F7-4668-BE54-9A1E7A4F7556}") = "CleanArch.Mvc", "CleanArch.Mvc\CleanArch.Mvc.csproj", "{F0528E8E-33D7-4DBF-9D36-995545231E07}"
EndProject
Project("{9A19103F-16F7-4668-BE54-9A1E7A4F7556}") = "CleanArch.Domain", "CleanArch.Domain\CleanArch.Domain.csproj", "{54256838-1BEB-43C7-A5E7-8883AC257CF9}"
EndProject
Project("{9A19103F-16F7-4668-BE54-9A1E7A4F7556}") = "CleanArch.Infra.Data", "CleanArch.Infra.Data\CleanArch.Infra.Data.csproj", "{5BC9AAF7-37CB-4002-97EA-25FADCD4EB31}"
EndProject
Project("{FAE04EC0-301F-11D3-BF4B-00C04F79EFBC}") = "CleanArch.Application", "CleanArch.Application\CleanArch.Application.csproj", "{D9ACEA9E-DE24-40F5-B9AB-9A9C12B3BC0A}"
EndProject
Project("{FAE04EC0-301F-11D3-BF4B-00C04F79EFBC}") = "CleanArch.Infra.IoC", "CleanArch.Infra.IoC\CleanArch.Infra.IoC.csproj", "{69DFEA20-CC7B-425E-8E8D-6E1145C28D4C}"
EndProject
Project("{2150E333-8FDC-42A3-9474-1A3956D46DE8}") = "Infra.Bus", "Infra.Bus", "{32769CC3-85AA-4E38-9A12-0B745AB17A5F}"
EndProject
Project("{2150E333-8FDC-42A3-9474-1A3956D46DE8}") = "Api", "Api", "{ECD0030C-9066-47FA-B92D-A7F9DD59F305}"
EndProject
Global
	GlobalSection(SolutionConfigurationPlatforms) = preSolution
		Debug|Any CPU = Debug|Any CPU
		Release|Any CPU = Release|Any CPU
	EndGlobalSection
	GlobalSection(ProjectConfigurationPlatforms) = postSolution
		{F0528E8E-33D7-4DBF-9D36-995545231E07}.Debug|Any CPU.ActiveCfg = Debug|Any CPU
		{F0528E8E-33D7-4DBF-9D36-995545231E07}.Debug|Any CPU.Build.0 = Debug|Any CPU
		{F0528E8E-33D7-4DBF-9D36-995545231E07}.Release|Any CPU.ActiveCfg = Release|Any CPU
		{F0528E8E-33D7-4DBF-9D36-995545231E07}.Release|Any CPU.Build.0 = Release|Any CPU
		{54256838-1BEB-43C7-A5E7-8883AC257CF9}.Debug|Any CPU.ActiveCfg = Debug|Any CPU
		{54256838-1BEB-43C7-A5E7-8883AC257CF9}.Debug|Any CPU.Build.0 = Debug|Any CPU
		{54256838-1BEB-43C7-A5E7-8883AC257CF9}.Release|Any CPU.ActiveCfg = Release|Any CPU
		{54256838-1BEB-43C7-A5E7-8883AC257CF9}.Release|Any CPU.Build.0 = Release|Any CPU
		{5BC9AAF7-37CB-4002-97EA-25FADCD4EB31}.Debug|Any CPU.ActiveCfg = Debug|Any CPU
		{5BC9AAF7-37CB-4002-97EA-25FADCD4EB31}.Debug|Any CPU.Build.0 = Debug|Any CPU
		{5BC9AAF7-37CB-4002-97EA-25FADCD4EB31}.Release|Any CPU.ActiveCfg = Release|Any CPU
		{5BC9AAF7-37CB-4002-97EA-25FADCD4EB31}.Release|Any CPU.Build.0 = Release|Any CPU
		{D9ACEA9E-DE24-40F5-B9AB-9A9C12B3BC0A}.Debug|Any CPU.ActiveCfg = Debug|Any CPU
		{D9ACEA9E-DE24-40F5-B9AB-9A9C12B3BC0A}.Debug|Any CPU.Build.0 = Debug|Any CPU
		{D9ACEA9E-DE24-40F5-B9AB-9A9C12B3BC0A}.Release|Any CPU.ActiveCfg = Release|Any CPU
		{D9ACEA9E-DE24-40F5-B9AB-9A9C12B3BC0A}.Release|Any CPU.Build.0 = Release|Any CPU
		{69DFEA20-CC7B-425E-8E8D-6E1145C28D4C}.Debug|Any CPU.ActiveCfg = Debug|Any CPU
		{69DFEA20-CC7B-425E-8E8D-6E1145C28D4C}.Debug|Any CPU.Build.0 = Debug|Any CPU
		{69DFEA20-CC7B-425E-8E8D-6E1145C28D4C}.Release|Any CPU.ActiveCfg = Release|Any CPU
		{69DFEA20-CC7B-425E-8E8D-6E1145C28D4C}.Release|Any CPU.Build.0 = Release|Any CPU
	EndGlobalSection
	GlobalSection(SolutionProperties) = preSolution
		HideSolutionNode = FALSE
	EndGlobalSection
	GlobalSection(NestedProjects) = preSolution
		{F0528E8E-33D7-4DBF-9D36-995545231E07} = {42E84821-C426-479A-8A50-A4DDA83F4F91}
		{54256838-1BEB-43C7-A5E7-8883AC257CF9} = {90B7B050-984C-4BD5-8C7F-61BFC6B5DD7F}
		{5BC9AAF7-37CB-4002-97EA-25FADCD4EB31} = {1435DD23-DD6A-4E7E-8A48-A8D4F62FC314}
		{D9ACEA9E-DE24-40F5-B9AB-9A9C12B3BC0A} = {02D3D50E-8F60-4205-B651-FF769ABA47F8}
		{69DFEA20-CC7B-425E-8E8D-6E1145C28D4C} = {496C18AA-9043-4F7F-949E-84C8D294FBDD}
	EndGlobalSection
	GlobalSection(ExtensibilityGlobals) = postSolution
		SolutionGuid = {D0F887C7-3366-4228-BF95-E18913C552D5}
	EndGlobalSection
EndGlobal
